
Microsoft Visual Studio Solution File, Format Version 12.00
# Visual Studio Version 17
VisualStudioVersion = 17.10.35013.160
MinimumVisualStudioVersion = 10.0.40219.1
Project("{FAE04EC0-301F-11D3-BF4B-00C04F79EFBC}") = "ConsoleAppUI", "ConsoleAppUI\ConsoleAppUI.csproj", "{C1AB1007-8520-4971-9253-5DACF960F638}"
EndProject
Global
	GlobalSection(SolutionConfigurationPlatforms) = preSolution
		Debug|Any CPU = Debug|Any CPU
		Release|Any CPU = Release|Any CPU
	EndGlobalSection
	GlobalSection(ProjectConfigurationPlatforms) = postSolution
		{C1AB1007-8520-4971-9253-5DACF960F638}.Debug|Any CPU.ActiveCfg = Debug|Any CPU
		{C1AB1007-8520-4971-9253-5DACF960F638}.Debug|Any CPU.Build.0 = Debug|Any CPU
		{C1AB1007-8520-4971-9253-5DACF960F638}.Release|Any CPU.ActiveCfg = Release|Any CPU
		{C1AB1007-8520-4971-9253-5DACF960F638}.Release|Any CPU.Build.0 = Release|Any CPU
	EndGlobalSection
	GlobalSection(SolutionProperties) = preSolution
		HideSolutionNode = FALSE
	EndGlobalSection
	GlobalSection(ExtensibilityGlobals) = postSolution
		SolutionGuid = {C7159FDA-29E3-4961-A5B9-AE9F4BE0C16E}
	EndGlobalSection
EndGlobal
